
Microsoft Visual Studio Solution File, Format Version 11.00
# Visual Studio 2010
Project("{FAE04EC0-301F-11D3-BF4B-00C04F79EFBC}") = "MarineFuelMonitor", "MarineFuelMonitor\MarineFuelMonitor.csproj", "{4C171192-2DF7-4263-A990-4643CE71E397}"
EndProject
Project("{FAE04EC0-301F-11D3-BF4B-00C04F79EFBC}") = "SynDataBase", "SynDataBase\SynDataBase.csproj", "{985636C3-A9A5-4CD1-A73F-DD26FFC47FB5}"
EndProject
Project("{FAE04EC0-301F-11D3-BF4B-00C04F79EFBC}") = "SynRealDatabase", "SynRealDatabase\SynRealDatabase.csproj", "{EB5BAC80-B16E-4A95-9348-3A872CDC86EE}"
EndProject
Global
	GlobalSection(SolutionConfigurationPlatforms) = preSolution
		Debug|Any CPU = Debug|Any CPU
		Release|Any CPU = Release|Any CPU
	EndGlobalSection
	GlobalSection(ProjectConfigurationPlatforms) = postSolution
		{4C171192-2DF7-4263-A990-4643CE71E397}.Debug|Any CPU.ActiveCfg = Debug|Any CPU
		{4C171192-2DF7-4263-A990-4643CE71E397}.Debug|Any CPU.Build.0 = Debug|Any CPU
		{4C171192-2DF7-4263-A990-4643CE71E397}.Release|Any CPU.ActiveCfg = Release|Any CPU
		{4C171192-2DF7-4263-A990-4643CE71E397}.Release|Any CPU.Build.0 = Release|Any CPU
		{985636C3-A9A5-4CD1-A73F-DD26FFC47FB5}.Debug|Any CPU.ActiveCfg = Debug|Any CPU
		{985636C3-A9A5-4CD1-A73F-DD26FFC47FB5}.Debug|Any CPU.Build.0 = Debug|Any CPU
		{985636C3-A9A5-4CD1-A73F-DD26FFC47FB5}.Release|Any CPU.ActiveCfg = Release|Any CPU
		{985636C3-A9A5-4CD1-A73F-DD26FFC47FB5}.Release|Any CPU.Build.0 = Release|Any CPU
		{EB5BAC80-B16E-4A95-9348-3A872CDC86EE}.Debug|Any CPU.ActiveCfg = Debug|Any CPU
		{EB5BAC80-B16E-4A95-9348-3A872CDC86EE}.Debug|Any CPU.Build.0 = Debug|Any CPU
		{EB5BAC80-B16E-4A95-9348-3A872CDC86EE}.Release|Any CPU.ActiveCfg = Release|Any CPU
		{EB5BAC80-B16E-4A95-9348-3A872CDC86EE}.Release|Any CPU.Build.0 = Release|Any CPU
	EndGlobalSection
	GlobalSection(SolutionProperties) = preSolution
		HideSolutionNode = FALSE
	EndGlobalSection
EndGlobal
